// !$*UTF8*$!
{
	archiveVersion = 1;
	classes = {
	};
	objectVersion = 55;
	objects = {

/* Begin PBXBuildFile section */
		69A7FAFD282D1C9800C86AE4 /* EmpCell.xib in Resources */ = {isa = PBXBuildFile; fileRef = 69A7FAFB282D1C9800C86AE4 /* EmpCell.xib */; };
		69A7FAFE282D1C9800C86AE4 /* EmpCell.swift in Sources */ = {isa = PBXBuildFile; fileRef = 69A7FAFC282D1C9800C86AE4 /* EmpCell.swift */; };
		69C3E893282BF48C0001552D /* AppDelegate.swift in Sources */ = {isa = PBXBuildFile; fileRef = 69C3E892282BF48C0001552D /* AppDelegate.swift */; };
		69C3E895282BF48C0001552D /* SceneDelegate.swift in Sources */ = {isa = PBXBuildFile; fileRef = 69C3E894282BF48C0001552D /* SceneDelegate.swift */; };
		69C3E897282BF48C0001552D /* EmpViewController.swift in Sources */ = {isa = PBXBuildFile; fileRef = 69C3E896282BF48C0001552D /* EmpViewController.swift */; };
		69C3E89A282BF48C0001552D /* Main.storyboard in Resources */ = {isa = PBXBuildFile; fileRef = 69C3E898282BF48C0001552D /* Main.storyboard */; };
		69C3E89C282BF48E0001552D /* Assets.xcassets in Resources */ = {isa = PBXBuildFile; fileRef = 69C3E89B282BF48E0001552D /* Assets.xcassets */; };
		69C3E89F282BF48E0001552D /* LaunchScreen.storyboard in Resources */ = {isa = PBXBuildFile; fileRef = 69C3E89D282BF48E0001552D /* LaunchScreen.storyboard */; };
		69C3E8A8282BF55F0001552D /* EmpViewModel.swift in Sources */ = {isa = PBXBuildFile; fileRef = 69C3E8A7282BF55F0001552D /* EmpViewModel.swift */; };
		69C3E8AB282BF58A0001552D /* APIService.swift in Sources */ = {isa = PBXBuildFile; fileRef = 69C3E8AA282BF58A0001552D /* APIService.swift */; };
		69C3E8AE282BF5B70001552D /* EmpItem.swift in Sources */ = {isa = PBXBuildFile; fileRef = 69C3E8AD282BF5B70001552D /* EmpItem.swift */; };
/* End PBXBuildFile section */

/* Begin PBXFileReference section */
		69A7FAFB282D1C9800C86AE4 /* EmpCell.xib */ = {isa = PBXFileReference; fileEncoding = 4; lastKnownFileType = file.xib; path = EmpCell.xib; sourceTree = "<group>"; };
		69A7FAFC282D1C9800C86AE4 /* EmpCell.swift */ = {isa = PBXFileReference; fileEncoding = 4; lastKnownFileType = sourcecode.swift; path = EmpCell.swift; sourceTree = "<group>"; };
		69C3E88F282BF48C0001552D /* MVVM_EXAMPLE.app */ = {isa = PBXFileReference; explicitFileType = wrapper.application; includeInIndex = 0; path = MVVM_EXAMPLE.app; sourceTree = BUILT_PRODUCTS_DIR; };
		69C3E892282BF48C0001552D /* AppDelegate.swift */ = {isa = PBXFileReference; lastKnownFileType = sourcecode.swift; path = AppDelegate.swift; sourceTree = "<group>"; };
		69C3E894282BF48C0001552D /* SceneDelegate.swift */ = {isa = PBXFileReference; lastKnownFileType = sourcecode.swift; path = SceneDelegate.swift; sourceTree = "<group>"; };
		69C3E896282BF48C0001552D /* EmpViewController.swift */ = {isa = PBXFileReference; lastKnownFileType = sourcecode.swift; path = EmpViewController.swift; sourceTree = "<group>"; };
		69C3E899282BF48C0001552D /* Base */ = {isa = PBXFileReference; lastKnownFileType = file.storyboard; name = Base; path = Base.lproj/Main.storyboard; sourceTree = "<group>"; };
		69C3E89B282BF48E0001552D /* Assets.xcassets */ = {isa = PBXFileReference; lastKnownFileType = folder.assetcatalog; path = Assets.xcassets; sourceTree = "<group>"; };
		69C3E89E282BF48E0001552D /* Base */ = {isa = PBXFileReference; lastKnownFileType = file.storyboard; name = Base; path = Base.lproj/LaunchScreen.storyboard; sourceTree = "<group>"; };
		69C3E8A0282BF48E0001552D /* Info.plist */ = {isa = PBXFileReference; lastKnownFileType = text.plist.xml; path = Info.plist; sourceTree = "<group>"; };
		69C3E8A7282BF55F0001552D /* EmpViewModel.swift */ = {isa = PBXFileReference; lastKnownFileType = sourcecode.swift; path = EmpViewModel.swift; sourceTree = "<group>"; };
		69C3E8AA282BF58A0001552D /* APIService.swift */ = {isa = PBXFileReference; lastKnownFileType = sourcecode.swift; path = APIService.swift; sourceTree = "<group>"; };
		69C3E8AD282BF5B70001552D /* EmpItem.swift */ = {isa = PBXFileReference; lastKnownFileType = sourcecode.swift; path = EmpItem.swift; sourceTree = "<group>"; };
/* End PBXFileReference section */

/* Begin PBXFrameworksBuildPhase section */
		69C3E88C282BF48C0001552D /* Frameworks */ = {
			isa = PBXFrameworksBuildPhase;
			buildActionMask = 2147483647;
			files = (
			);
			runOnlyForDeploymentPostprocessing = 0;
		};
/* End PBXFrameworksBuildPhase section */

/* Begin PBXGroup section */
		69A7FAFA282D1C9800C86AE4 /* cells */ = {
			isa = PBXGroup;
			children = (
				69A7FAFB282D1C9800C86AE4 /* EmpCell.xib */,
				69A7FAFC282D1C9800C86AE4 /* EmpCell.swift */,
			);
			path = cells;
			sourceTree = "<group>";
		};
		69C3E886282BF48C0001552D = {
			isa = PBXGroup;
			children = (
				69C3E891282BF48C0001552D /* MVVM_EXAMPLE */,
				69C3E890282BF48C0001552D /* Products */,
			);
			sourceTree = "<group>";
		};
		69C3E890282BF48C0001552D /* Products */ = {
			isa = PBXGroup;
			children = (
				69C3E88F282BF48C0001552D /* MVVM_EXAMPLE.app */,
			);
			name = Products;
			sourceTree = "<group>";
		};
		69C3E891282BF48C0001552D /* MVVM_EXAMPLE */ = {
			isa = PBXGroup;
			children = (
				69C3E8AC282BF59B0001552D /* Models */,
				69C3E8A9282BF56E0001552D /* WebService */,
				69C3E8A6282BF5020001552D /* EmpController */,
				69C3E892282BF48C0001552D /* AppDelegate.swift */,
				69C3E894282BF48C0001552D /* SceneDelegate.swift */,
				69C3E898282BF48C0001552D /* Main.storyboard */,
				69C3E89B282BF48E0001552D /* Assets.xcassets */,
				69C3E89D282BF48E0001552D /* LaunchScreen.storyboard */,
				69C3E8A0282BF48E0001552D /* Info.plist */,
			);
			path = MVVM_EXAMPLE;
			sourceTree = "<group>";
		};
		69C3E8A6282BF5020001552D /* EmpController */ = {
			isa = PBXGroup;
			children = (
				69A7FAFA282D1C9800C86AE4 /* cells */,
				69C3E896282BF48C0001552D /* EmpViewController.swift */,
				69C3E8A7282BF55F0001552D /* EmpViewModel.swift */,
			);
			path = EmpController;
			sourceTree = "<group>";
		};
		69C3E8A9282BF56E0001552D /* WebService */ = {
			isa = PBXGroup;
			children = (
				69C3E8AA282BF58A0001552D /* APIService.swift */,
			);
			path = WebService;
			sourceTree = "<group>";
		};
		69C3E8AC282BF59B0001552D /* Models */ = {
			isa = PBXGroup;
			children = (
				69C3E8AD282BF5B70001552D /* EmpItem.swift */,
			);
			path = Models;
			sourceTree = "<group>";
		};
/* End PBXGroup section */

/* Begin PBXNativeTarget section */
		69C3E88E282BF48C0001552D /* MVVM_EXAMPLE */ = {
			isa = PBXNativeTarget;
			buildConfigurationList = 69C3E8A3282BF48E0001552D /* Build configuration list for PBXNativeTarget "MVVM_EXAMPLE" */;
			buildPhases = (
				69C3E88B282BF48C0001552D /* Sources */,
				69C3E88C282BF48C0001552D /* Frameworks */,
				69C3E88D282BF48C0001552D /* Resources */,
			);
			buildRules = (
			);
			dependencies = (
			);
			name = MVVM_EXAMPLE;
			productName = MVVM_EXAMPLE;
			productReference = 69C3E88F282BF48C0001552D /* MVVM_EXAMPLE.app */;
			productType = "com.apple.product-type.application";
		};
/* End PBXNativeTarget section */

/* Begin PBXProject section */
		69C3E887282BF48C0001552D /* Project object */ = {
			isa = PBXProject;
			attributes = {
				BuildIndependentTargetsInParallel = 1;
				LastSwiftUpdateCheck = 1330;
				LastUpgradeCheck = 1330;
				TargetAttributes = {
					69C3E88E282BF48C0001552D = {
						CreatedOnToolsVersion = 13.3.1;
					};
				};
			};
			buildConfigurationList = 69C3E88A282BF48C0001552D /* Build configuration list for PBXProject "MVVM_EXAMPLE" */;
			compatibilityVersion = "Xcode 13.0";
			developmentRegion = en;
			hasScannedForEncodings = 0;
			knownRegions = (
				en,
				Base,
			);
			mainGroup = 69C3E886282BF48C0001552D;
			productRefGroup = 69C3E890282BF48C0001552D /* Products */;
			projectDirPath = "";
			projectRoot = "";
			targets = (
				69C3E88E282BF48C0001552D /* MVVM_EXAMPLE */,
			);
		};
/* End PBXProject section */

/* Begin PBXResourcesBuildPhase section */
		69C3E88D282BF48C0001552D /* Resources */ = {
			isa = PBXResourcesBuildPhase;
			buildActionMask = 2147483647;
			files = (
				69C3E89F282BF48E0001552D /* LaunchScreen.storyboard in Resources */,
				69C3E89C282BF48E0001552D /* Assets.xcassets in Resources */,
				69A7FAFD282D1C9800C86AE4 /* EmpCell.xib in Resources */,
				69C3E89A282BF48C0001552D /* Main.storyboard in Resources */,
			);
			runOnlyForDeploymentPostprocessing = 0;
		};
/* End PBXResourcesBuildPhase section */

/* Begin PBXSourcesBuildPhase section */
		69C3E88B282BF48C0001552D /* Sources */ = {
			isa = PBXSourcesBuildPhase;
			buildActionMask = 2147483647;
			files = (
				69C3E897282BF48C0001552D /* EmpViewController.swift in Sources */,
				69C3E893282BF48C0001552D /* AppDelegate.swift in Sources */,
				69C3E895282BF48C0001552D /* SceneDelegate.swift in Sources */,
				69C3E8AE282BF5B70001552D /* EmpItem.swift in Sources */,
				69A7FAFE282D1C9800C86AE4 /* EmpCell.swift in Sources */,
				69C3E8AB282BF58A0001552D /* APIService.swift in Sources */,
				69C3E8A8282BF55F0001552D /* EmpViewModel.swift in Sources */,
			);
			runOnlyForDeploymentPostprocessing = 0;
		};
/* End PBXSourcesBuildPhase section */

/* Begin PBXVariantGroup section */
		69C3E898282BF48C0001552D /* Main.storyboard */ = {
			isa = PBXVariantGroup;
			children = (
				69C3E899282BF48C0001552D /* Base */,
			);
			name = Main.storyboard;
			sourceTree = "<group>";
		};
		69C3E89D282BF48E0001552D /* LaunchScreen.storyboard */ = {
			isa = PBXVariantGroup;
			children = (
				69C3E89E282BF48E0001552D /* Base */,
			);
			name = LaunchScreen.storyboard;
			sourceTree = "<group>";
		};
/* End PBXVariantGroup section */

/* Begin XCBuildConfiguration section */
		69C3E8A1282BF48E0001552D /* Debug */ = {
			isa = XCBuildConfiguration;
			buildSettings = {
				ALWAYS_SEARCH_USER_PATHS = NO;
				CLANG_ANALYZER_NONNULL = YES;
				CLANG_ANALYZER_NUMBER_OBJECT_CONVERSION = YES_AGGRESSIVE;
				CLANG_CXX_LANGUAGE_STANDARD = "gnu++17";
				CLANG_ENABLE_MODULES = YES;
				CLANG_ENABLE_OBJC_ARC = YES;
				CLANG_ENABLE_OBJC_WEAK = YES;
				CLANG_WARN_BLOCK_CAPTURE_AUTORELEASING = YES;
				CLANG_WARN_BOOL_CONVERSION = YES;
				CLANG_WARN_COMMA = YES;
				CLANG_WARN_CONSTANT_CONVERSION = YES;
				CLANG_WARN_DEPRECATED_OBJC_IMPLEMENTATIONS = YES;
				CLANG_WARN_DIRECT_OBJC_ISA_USAGE = YES_ERROR;
				CLANG_WARN_DOCUMENTATION_COMMENTS = YES;
				CLANG_WARN_EMPTY_BODY = YES;
				CLANG_WARN_ENUM_CONVERSION = YES;
				CLANG_WARN_INFINITE_RECURSION = YES;
				CLANG_WARN_INT_CONVERSION = YES;
				CLANG_WARN_NON_LITERAL_NULL_CONVERSION = YES;
				CLANG_WARN_OBJC_IMPLICIT_RETAIN_SELF = YES;
				CLANG_WARN_OBJC_LITERAL_CONVERSION = YES;
				CLANG_WARN_OBJC_ROOT_CLASS = YES_ERROR;
				CLANG_WARN_QUOTED_INCLUDE_IN_FRAMEWORK_HEADER = YES;
				CLANG_WARN_RANGE_LOOP_ANALYSIS = YES;
				CLANG_WARN_STRICT_PROTOTYPES = YES;
				CLANG_WARN_SUSPICIOUS_MOVE = YES;
				CLANG_WARN_UNGUARDED_AVAILABILITY = YES_AGGRESSIVE;
				CLANG_WARN_UNREACHABLE_CODE = YES;
				CLANG_WARN__DUPLICATE_METHOD_MATCH = YES;
				COPY_PHASE_STRIP = NO;
				DEBUG_INFORMATION_FORMAT = dwarf;
				ENABLE_STRICT_OBJC_MSGSEND = YES;
				ENABLE_TESTABILITY = YES;
				GCC_C_LANGUAGE_STANDARD = gnu11;
				GCC_DYNAMIC_NO_PIC = NO;
				GCC_NO_COMMON_BLOCKS = YES;
				GCC_OPTIMIZATION_LEVEL = 0;
				GCC_PREPROCESSOR_DEFINITIONS = (
					"DEBUG=1",
					"$(inherited)",
				);
				GCC_WARN_64_TO_32_BIT_CONVERSION = YES;
				GCC_WARN_ABOUT_RETURN_TYPE = YES_ERROR;
				GCC_WARN_UNDECLARED_SELECTOR = YES;
				GCC_WARN_UNINITIALIZED_AUTOS = YES_AGGRESSIVE;
				GCC_WARN_UNUSED_FUNCTION = YES;
				GCC_WARN_UNUSED_VARIABLE = YES;
				IPHONEOS_DEPLOYMENT_TARGET = 15.4;
				MTL_ENABLE_DEBUG_INFO = INCLUDE_SOURCE;
				MTL_FAST_MATH = YES;
				ONLY_ACTIVE_ARCH = YES;
				SDKROOT = iphoneos;
				SWIFT_ACTIVE_COMPILATION_CONDITIONS = DEBUG;
				SWIFT_OPTIMIZATION_LEVEL = "-Onone";
			};
			name = Debug;
		};
		69C3E8A2282BF48E0001552D /* Release */ = {
			isa = XCBuildConfiguration;
			buildSettings = {
				ALWAYS_SEARCH_USER_PATHS = NO;
				CLANG_ANALYZER_NONNULL = YES;
				CLANG_ANALYZER_NUMBER_OBJECT_CONVERSION = YES_AGGRESSIVE;
				CLANG_CXX_LANGUAGE_STANDARD = "gnu++17";
				CLANG_ENABLE_MODULES = YES;
				CLANG_ENABLE_OBJC_ARC = YES;
				CLANG_ENABLE_OBJC_WEAK = YES;
				CLANG_WARN_BLOCK_CAPTURE_AUTORELEASING = YES;
				CLANG_WARN_BOOL_CONVERSION = YES;
				CLANG_WARN_COMMA = YES;
				CLANG_WARN_CONSTANT_CONVERSION = YES;
				CLANG_WARN_DEPRECATED_OBJC_IMPLEMENTATIONS = YES;
				CLANG_WARN_DIRECT_OBJC_ISA_USAGE = YES_ERROR;
				CLANG_WARN_DOCUMENTATION_COMMENTS = YES;
				CLANG_WARN_EMPTY_BODY = YES;
				CLANG_WARN_ENUM_CONVERSION = YES;
				CLANG_WARN_INFINITE_RECURSION = YES;
				CLANG_WARN_INT_CONVERSION = YES;
				CLANG_WARN_NON_LITERAL_NULL_CONVERSION = YES;
				CLANG_WARN_OBJC_IMPLICIT_RETAIN_SELF = YES;
				CLANG_WARN_OBJC_LITERAL_CONVERSION = YES;
				CLANG_WARN_OBJC_ROOT_CLASS = YES_ERROR;
				CLANG_WARN_QUOTED_INCLUDE_IN_FRAMEWORK_HEADER = YES;
				CLANG_WARN_RANGE_LOOP_ANALYSIS = YES;
				CLANG_WARN_STRICT_PROTOTYPES = YES;
				CLANG_WARN_SUSPICIOUS_MOVE = YES;
				CLANG_WARN_UNGUARDED_AVAILABILITY = YES_AGGRESSIVE;
				CLANG_WARN_UNREACHABLE_CODE = YES;
				CLANG_WARN__DUPLICATE_METHOD_MATCH = YES;
				COPY_PHASE_STRIP = NO;
				DEBUG_INFORMATION_FORMAT = "dwarf-with-dsym";
				ENABLE_NS_ASSERTIONS = NO;
				ENABLE_STRICT_OBJC_MSGSEND = YES;
				GCC_C_LANGUAGE_STANDARD = gnu11;
				GCC_NO_COMMON_BLOCKS = YES;
				GCC_WARN_64_TO_32_BIT_CONVERSION = YES;
				GCC_WARN_ABOUT_RETURN_TYPE = YES_ERROR;
				GCC_WARN_UNDECLARED_SELECTOR = YES;
				GCC_WARN_UNINITIALIZED_AUTOS = YES_AGGRESSIVE;
				GCC_WARN_UNUSED_FUNCTION = YES;
				GCC_WARN_UNUSED_VARIABLE = YES;
				IPHONEOS_DEPLOYMENT_TARGET = 15.4;
				MTL_ENABLE_DEBUG_INFO = NO;
				MTL_FAST_MATH = YES;
				SDKROOT = iphoneos;
				SWIFT_COMPILATION_MODE = wholemodule;
				SWIFT_OPTIMIZATION_LEVEL = "-O";
				VALIDATE_PRODUCT = YES;
			};
			name = Release;
		};
		69C3E8A4282BF48E0001552D /* Debug */ = {
			isa = XCBuildConfiguration;
			buildSettings = {
				ASSETCATALOG_COMPILER_APPICON_NAME = AppIcon;
				ASSETCATALOG_COMPILER_GLOBAL_ACCENT_COLOR_NAME = AccentColor;
				CODE_SIGN_STYLE = Automatic;
				CURRENT_PROJECT_VERSION = 1;
				GENERATE_INFOPLIST_FILE = YES;
				INFOPLIST_FILE = MVVM_EXAMPLE/Info.plist;
				INFOPLIST_KEY_UIApplicationSupportsIndirectInputEvents = YES;
				INFOPLIST_KEY_UILaunchStoryboardName = LaunchScreen;
				INFOPLIST_KEY_UIMainStoryboardFile = Main;
				INFOPLIST_KEY_UISupportedInterfaceOrientations_iPad = "UIInterfaceOrientationPortrait UIInterfaceOrientationPortraitUpsideDown UIInterfaceOrientationLandscapeLeft UIInterfaceOrientationLandscapeRight";
				INFOPLIST_KEY_UISupportedInterfaceOrientations_iPhone = "UIInterfaceOrientationPortrait UIInterfaceOrientationLandscapeLeft UIInterfaceOrientationLandscapeRight";
				LD_RUNPATH_SEARCH_PATHS = (
					"$(inherited)",
					"@executable_path/Frameworks",
				);
				MARKETING_VERSION = 1.0;
				PRODUCT_BUNDLE_IDENTIFIER = com.wajeeh.mvvm;
				PRODUCT_NAME = "$(TARGET_NAME)";
				SWIFT_EMIT_LOC_STRINGS = YES;
				SWIFT_VERSION = 5.0;
				TARGETED_DEVICE_FAMILY = "1,2";
			};
			name = Debug;
		};
		69C3E8A5282BF48E0001552D /* Release */ = {
			isa = XCBuildConfiguration;
			buildSettings = {
				ASSETCATALOG_COMPILER_APPICON_NAME = AppIcon;
				ASSETCATALOG_COMPILER_GLOBAL_ACCENT_COLOR_NAME = AccentColor;
				CODE_SIGN_STYLE = Automatic;
				CURRENT_PROJECT_VERSION = 1;
				GENERATE_INFOPLIST_FILE = YES;
				INFOPLIST_FILE = MVVM_EXAMPLE/Info.plist;
				INFOPLIST_KEY_UIApplicationSupportsIndirectInputEvents = YES;
				INFOPLIST_KEY_UILaunchStoryboardName = LaunchScreen;
				INFOPLIST_KEY_UIMainStoryboardFile = Main;
				INFOPLIST_KEY_UISupportedInterfaceOrientations_iPad = "UIInterfaceOrientationPortrait UIInterfaceOrientationPortraitUpsideDown UIInterfaceOrientationLandscapeLeft UIInterfaceOrientationLandscapeRight";
				INFOPLIST_KEY_UISupportedInterfaceOrientations_iPhone = "UIInterfaceOrientationPortrait UIInterfaceOrientationLandscapeLeft UIInterfaceOrientationLandscapeRight";
				LD_RUNPATH_SEARCH_PATHS = (
					"$(inherited)",
					"@executable_path/Frameworks",
				);
				MARKETING_VERSION = 1.0;
				PRODUCT_BUNDLE_IDENTIFIER = com.wajeeh.mvvm;
				PRODUCT_NAME = "$(TARGET_NAME)";
				SWIFT_EMIT_LOC_STRINGS = YES;
				SWIFT_VERSION = 5.0;
				TARGETED_DEVICE_FAMILY = "1,2";
			};
			name = Release;
		};
/* End XCBuildConfiguration section */

/* Begin XCConfigurationList section */
		69C3E88A282BF48C0001552D /* Build configuration list for PBXProject "MVVM_EXAMPLE" */ = {
			isa = XCConfigurationList;
			buildConfigurations = (
				69C3E8A1282BF48E0001552D /* Debug */,
				69C3E8A2282BF48E0001552D /* Release */,
			);
			defaultConfigurationIsVisible = 0;
			defaultConfigurationName = Release;
		};
		69C3E8A3282BF48E0001552D /* Build configuration list for PBXNativeTarget "MVVM_EXAMPLE" */ = {
			isa = XCConfigurationList;
			buildConfigurations = (
				69C3E8A4282BF48E0001552D /* Debug */,
				69C3E8A5282BF48E0001552D /* Release */,
			);
			defaultConfigurationIsVisible = 0;
			defaultConfigurationName = Release;
		};
/* End XCConfigurationList section */
	};
	rootObject = 69C3E887282BF48C0001552D /* Project object */;
}
